
Microsoft Visual Studio Solution File, Format Version 12.00
# Visual Studio 15
VisualStudioVersion = 15.0.28010.2036
MinimumVisualStudioVersion = 10.0.40219.1
Project("{FAE04EC0-301F-11D3-BF4B-00C04F79EFBC}") = "Calculator", "Calculator\Calculator.csproj", "{DD692AEB-FE26-4444-BF3B-16B38F0A40D9}"
EndProject
Global
	GlobalSection(SolutionConfigurationPlatforms) = preSolution
		Debug|Any CPU = Debug|Any CPU
		Release|Any CPU = Release|Any CPU
	EndGlobalSection
	GlobalSection(ProjectConfigurationPlatforms) = postSolution
		{DD692AEB-FE26-4444-BF3B-16B38F0A40D9}.Debug|Any CPU.ActiveCfg = Debug|Any CPU
		{DD692AEB-FE26-4444-BF3B-16B38F0A40D9}.Debug|Any CPU.Build.0 = Debug|Any CPU
		{DD692AEB-FE26-4444-BF3B-16B38F0A40D9}.Release|Any CPU.ActiveCfg = Release|Any CPU
		{DD692AEB-FE26-4444-BF3B-16B38F0A40D9}.Release|Any CPU.Build.0 = Release|Any CPU
	EndGlobalSection
	GlobalSection(SolutionProperties) = preSolution
		HideSolutionNode = FALSE
	EndGlobalSection
	GlobalSection(ExtensibilityGlobals) = postSolution
		SolutionGuid = {E98073F8-BBC5-494F-8D63-F979D78E2B4C}
	EndGlobalSection
EndGlobal
